
Microsoft Visual Studio Solution File, Format Version 12.00
# Visual Studio Version 16
VisualStudioVersion = 16.0.30320.27
MinimumVisualStudioVersion = 10.0.40219.1
Project("{FAE04EC0-301F-11D3-BF4B-00C04F79EFBC}") = "THE FINAL TEST MAYBE", "THE FINAL TEST MAYBE\THE FINAL TEST MAYBE.csproj", "{BA3FFADD-EA56-4F72-ABEB-08FE0E3B86CB}"
EndProject
Global
	GlobalSection(SolutionConfigurationPlatforms) = preSolution
		Debug|Any CPU = Debug|Any CPU
		Release|Any CPU = Release|Any CPU
	EndGlobalSection
	GlobalSection(ProjectConfigurationPlatforms) = postSolution
		{BA3FFADD-EA56-4F72-ABEB-08FE0E3B86CB}.Debug|Any CPU.ActiveCfg = Debug|Any CPU
		{BA3FFADD-EA56-4F72-ABEB-08FE0E3B86CB}.Debug|Any CPU.Build.0 = Debug|Any CPU
		{BA3FFADD-EA56-4F72-ABEB-08FE0E3B86CB}.Release|Any CPU.ActiveCfg = Release|Any CPU
		{BA3FFADD-EA56-4F72-ABEB-08FE0E3B86CB}.Release|Any CPU.Build.0 = Release|Any CPU
	EndGlobalSection
	GlobalSection(SolutionProperties) = preSolution
		HideSolutionNode = FALSE
	EndGlobalSection
	GlobalSection(ExtensibilityGlobals) = postSolution
		SolutionGuid = {D235E54C-0C41-4B94-8831-D30CCF35F131}
	EndGlobalSection
EndGlobal
